// !$*UTF8*$!
{
	archiveVersion = 1;
	classes = {
	};
	objectVersion = 50;
	objects = {

/* Begin PBXBuildFile section */
		2DDF09AA216475B1000923CA /* AppDelegate.swift in Sources */ = {isa = PBXBuildFile; fileRef = 2DDF09A9216475B1000923CA /* AppDelegate.swift */; };
		2DDF09AC216475B1000923CA /* ViewController.swift in Sources */ = {isa = PBXBuildFile; fileRef = 2DDF09AB216475B1000923CA /* ViewController.swift */; };
		2DDF09AF216475B1000923CA /* Main.storyboard in Resources */ = {isa = PBXBuildFile; fileRef = 2DDF09AD216475B1000923CA /* Main.storyboard */; };
		2DDF09B2216475B1000923CA /* PostImage.xcdatamodeld in Sources */ = {isa = PBXBuildFile; fileRef = 2DDF09B0216475B1000923CA /* PostImage.xcdatamodeld */; };
		2DDF09B4216475B2000923CA /* Assets.xcassets in Resources */ = {isa = PBXBuildFile; fileRef = 2DDF09B3216475B2000923CA /* Assets.xcassets */; };
		2DDF09B7216475B2000923CA /* LaunchScreen.storyboard in Resources */ = {isa = PBXBuildFile; fileRef = 2DDF09B5216475B2000923CA /* LaunchScreen.storyboard */; };
		F72B94911F99A090FDFFABC4 /* Pods_PostImage.framework in Frameworks */ = {isa = PBXBuildFile; fileRef = 1CECEFE265D3581E51215F8D /* Pods_PostImage.framework */; };
/* End PBXBuildFile section */

/* Begin PBXFileReference section */
		1CECEFE265D3581E51215F8D /* Pods_PostImage.framework */ = {isa = PBXFileReference; explicitFileType = wrapper.framework; includeInIndex = 0; path = Pods_PostImage.framework; sourceTree = BUILT_PRODUCTS_DIR; };
		2DDF09A6216475B1000923CA /* PostImage.app */ = {isa = PBXFileReference; explicitFileType = wrapper.application; includeInIndex = 0; path = PostImage.app; sourceTree = BUILT_PRODUCTS_DIR; };
		2DDF09A9216475B1000923CA /* AppDelegate.swift */ = {isa = PBXFileReference; lastKnownFileType = sourcecode.swift; path = AppDelegate.swift; sourceTree = "<group>"; };
		2DDF09AB216475B1000923CA /* ViewController.swift */ = {isa = PBXFileReference; lastKnownFileType = sourcecode.swift; path = ViewController.swift; sourceTree = "<group>"; };
		2DDF09AE216475B1000923CA /* Base */ = {isa = PBXFileReference; lastKnownFileType = file.storyboard; name = Base; path = Base.lproj/Main.storyboard; sourceTree = "<group>"; };
		2DDF09B1216475B1000923CA /* PostImage.xcdatamodel */ = {isa = PBXFileReference; lastKnownFileType = wrapper.xcdatamodel; path = PostImage.xcdatamodel; sourceTree = "<group>"; };
		2DDF09B3216475B2000923CA /* Assets.xcassets */ = {isa = PBXFileReference; lastKnownFileType = folder.assetcatalog; path = Assets.xcassets; sourceTree = "<group>"; };
		2DDF09B6216475B2000923CA /* Base */ = {isa = PBXFileReference; lastKnownFileType = file.storyboard; name = Base; path = Base.lproj/LaunchScreen.storyboard; sourceTree = "<group>"; };
		2DDF09B8216475B2000923CA /* Info.plist */ = {isa = PBXFileReference; lastKnownFileType = text.plist.xml; path = Info.plist; sourceTree = "<group>"; };
		6FB585B9CA96C39EDEADEF2E /* Pods-PostImage.debug.xcconfig */ = {isa = PBXFileReference; includeInIndex = 1; lastKnownFileType = text.xcconfig; name = "Pods-PostImage.debug.xcconfig"; path = "Pods/Target Support Files/Pods-PostImage/Pods-PostImage.debug.xcconfig"; sourceTree = "<group>"; };
		833ABA9B143C684E80F3F0AE /* Pods-PostImage.release.xcconfig */ = {isa = PBXFileReference; includeInIndex = 1; lastKnownFileType = text.xcconfig; name = "Pods-PostImage.release.xcconfig"; path = "Pods/Target Support Files/Pods-PostImage/Pods-PostImage.release.xcconfig"; sourceTree = "<group>"; };
/* End PBXFileReference section */

/* Begin PBXFrameworksBuildPhase section */
		2DDF09A3216475B1000923CA /* Frameworks */ = {
			isa = PBXFrameworksBuildPhase;
			buildActionMask = 2147483647;
			files = (
				F72B94911F99A090FDFFABC4 /* Pods_PostImage.framework in Frameworks */,
			);
			runOnlyForDeploymentPostprocessing = 0;
		};
/* End PBXFrameworksBuildPhase section */

/* Begin PBXGroup section */
		2DDF099D216475B1000923CA = {
			isa = PBXGroup;
			children = (
				2DDF09A8216475B1000923CA /* PostImage */,
				2DDF09A7216475B1000923CA /* Products */,
				521AC7E86F8BFFAEFFE76A79 /* Pods */,
				60C32F18A52B50869A6DF871 /* Frameworks */,
			);
			sourceTree = "<group>";
		};
		2DDF09A7216475B1000923CA /* Products */ = {
			isa = PBXGroup;
			children = (
				2DDF09A6216475B1000923CA /* PostImage.app */,
			);
			name = Products;
			sourceTree = "<group>";
		};
		2DDF09A8216475B1000923CA /* PostImage */ = {
			isa = PBXGroup;
			children = (
				2DDF09A9216475B1000923CA /* AppDelegate.swift */,
				2DDF09AB216475B1000923CA /* ViewController.swift */,
				2DDF09AD216475B1000923CA /* Main.storyboard */,
				2DDF09B3216475B2000923CA /* Assets.xcassets */,
				2DDF09B5216475B2000923CA /* LaunchScreen.storyboard */,
				2DDF09B8216475B2000923CA /* Info.plist */,
				2DDF09B0216475B1000923CA /* PostImage.xcdatamodeld */,
			);
			path = PostImage;
			sourceTree = "<group>";
		};
		521AC7E86F8BFFAEFFE76A79 /* Pods */ = {
			isa = PBXGroup;
			children = (
				6FB585B9CA96C39EDEADEF2E /* Pods-PostImage.debug.xcconfig */,
				833ABA9B143C684E80F3F0AE /* Pods-PostImage.release.xcconfig */,
			);
			name = Pods;
			sourceTree = "<group>";
		};
		60C32F18A52B50869A6DF871 /* Frameworks */ = {
			isa = PBXGroup;
			children = (
				1CECEFE265D3581E51215F8D /* Pods_PostImage.framework */,
			);
			name = Frameworks;
			sourceTree = "<group>";
		};
/* End PBXGroup section */

/* Begin PBXNativeTarget section */
		2DDF09A5216475B1000923CA /* PostImage */ = {
			isa = PBXNativeTarget;
			buildConfigurationList = 2DDF09BB216475B2000923CA /* Build configuration list for PBXNativeTarget "PostImage" */;
			buildPhases = (
				BF7E0E12CC7C53DFA0AA96C4 /* [CP] Check Pods Manifest.lock */,
				2DDF09A2216475B1000923CA /* Sources */,
				2DDF09A3216475B1000923CA /* Frameworks */,
				2DDF09A4216475B1000923CA /* Resources */,
				6556D7B0C06116D93D8A683B /* [CP] Embed Pods Frameworks */,
			);
			buildRules = (
			);
			dependencies = (
			);
			name = PostImage;
			productName = PostImage;
			productReference = 2DDF09A6216475B1000923CA /* PostImage.app */;
			productType = "com.apple.product-type.application";
		};
/* End PBXNativeTarget section */

/* Begin PBXProject section */
		2DDF099E216475B1000923CA /* Project object */ = {
			isa = PBXProject;
			attributes = {
				LastSwiftUpdateCheck = 1000;
				LastUpgradeCheck = 1000;
				ORGANIZATIONNAME = g015c1124;
				TargetAttributes = {
					2DDF09A5216475B1000923CA = {
						CreatedOnToolsVersion = 10.0;
						LastSwiftMigration = 1000;
					};
				};
			};
			buildConfigurationList = 2DDF09A1216475B1000923CA /* Build configuration list for PBXProject "PostImage" */;
			compatibilityVersion = "Xcode 9.3";
			developmentRegion = en;
			hasScannedForEncodings = 0;
			knownRegions = (
				en,
				Base,
			);
			mainGroup = 2DDF099D216475B1000923CA;
			productRefGroup = 2DDF09A7216475B1000923CA /* Products */;
			projectDirPath = "";
			projectRoot = "";
			targets = (
				2DDF09A5216475B1000923CA /* PostImage */,
			);
		};
/* End PBXProject section */

/* Begin PBXResourcesBuildPhase section */
		2DDF09A4216475B1000923CA /* Resources */ = {
			isa = PBXResourcesBuildPhase;
			buildActionMask = 2147483647;
			files = (
				2DDF09B7216475B2000923CA /* LaunchScreen.storyboard in Resources */,
				2DDF09B4216475B2000923CA /* Assets.xcassets in Resources */,
				2DDF09AF216475B1000923CA /* Main.storyboard in Resources */,
			);
			runOnlyForDeploymentPostprocessing = 0;
		};
/* End PBXResourcesBuildPhase section */

/* Begin PBXShellScriptBuildPhase section */
		6556D7B0C06116D93D8A683B /* [CP] Embed Pods Frameworks */ = {
			isa = PBXShellScriptBuildPhase;
			buildActionMask = 2147483647;
			files = (
			);
			inputFileListPaths = (
			);
			inputPaths = (
				"${SRCROOT}/Pods/Target Support Files/Pods-PostImage/Pods-PostImage-frameworks.sh",
				"${BUILT_PRODUCTS_DIR}/Alamofire/Alamofire.framework",
			);
			name = "[CP] Embed Pods Frameworks";
			outputFileListPaths = (
			);
			outputPaths = (
				"${TARGET_BUILD_DIR}/${FRAMEWORKS_FOLDER_PATH}/Alamofire.framework",
			);
			runOnlyForDeploymentPostprocessing = 0;
			shellPath = /bin/sh;
			shellScript = "\"${SRCROOT}/Pods/Target Support Files/Pods-PostImage/Pods-PostImage-frameworks.sh\"\n";
			showEnvVarsInLog = 0;
		};
		BF7E0E12CC7C53DFA0AA96C4 /* [CP] Check Pods Manifest.lock */ = {
			isa = PBXShellScriptBuildPhase;
			buildActionMask = 2147483647;
			files = (
			);
			inputFileListPaths = (
			);
			inputPaths = (
				"${PODS_PODFILE_DIR_PATH}/Podfile.lock",
				"${PODS_ROOT}/Manifest.lock",
			);
			name = "[CP] Check Pods Manifest.lock";
			outputFileListPaths = (
			);
			outputPaths = (
				"$(DERIVED_FILE_DIR)/Pods-PostImage-checkManifestLockResult.txt",
			);
			runOnlyForDeploymentPostprocessing = 0;
			shellPath = /bin/sh;
			shellScript = "diff \"${PODS_PODFILE_DIR_PATH}/Podfile.lock\" \"${PODS_ROOT}/Manifest.lock\" > /dev/null\nif [ $? != 0 ] ; then\n    # print error to STDERR\n    echo \"error: The sandbox is not in sync with the Podfile.lock. Run 'pod install' or update your CocoaPods installation.\" >&2\n    exit 1\nfi\n# This output is used by Xcode 'outputs' to avoid re-running this script phase.\necho \"SUCCESS\" > \"${SCRIPT_OUTPUT_FILE_0}\"\n";
			showEnvVarsInLog = 0;
		};
/* End PBXShellScriptBuildPhase section */

/* Begin PBXSourcesBuildPhase section */
		2DDF09A2216475B1000923CA /* Sources */ = {
			isa = PBXSourcesBuildPhase;
			buildActionMask = 2147483647;
			files = (
				2DDF09AC216475B1000923CA /* ViewController.swift in Sources */,
				2DDF09B2216475B1000923CA /* PostImage.xcdatamodeld in Sources */,
				2DDF09AA216475B1000923CA /* AppDelegate.swift in Sources */,
			);
			runOnlyForDeploymentPostprocessing = 0;
		};
/* End PBXSourcesBuildPhase section */

/* Begin PBXVariantGroup section */
		2DDF09AD216475B1000923CA /* Main.storyboard */ = {
			isa = PBXVariantGroup;
			children = (
				2DDF09AE216475B1000923CA /* Base */,
			);
			name = Main.storyboard;
			sourceTree = "<group>";
		};
		2DDF09B5216475B2000923CA /* LaunchScreen.storyboard */ = {
			isa = PBXVariantGroup;
			children = (
				2DDF09B6216475B2000923CA /* Base */,
			);
			name = LaunchScreen.storyboard;
			sourceTree = "<group>";
		};
/* End PBXVariantGroup section */

/* Begin XCBuildConfiguration section */
		2DDF09B9216475B2000923CA /* Debug */ = {
			isa = XCBuildConfiguration;
			buildSettings = {
				ALWAYS_SEARCH_USER_PATHS = NO;
				CLANG_ANALYZER_NONNULL = YES;
				CLANG_ANALYZER_NUMBER_OBJECT_CONVERSION = YES_AGGRESSIVE;
				CLANG_CXX_LANGUAGE_STANDARD = "gnu++14";
				CLANG_CXX_LIBRARY = "libc++";
				CLANG_ENABLE_MODULES = YES;
				CLANG_ENABLE_OBJC_ARC = YES;
				CLANG_ENABLE_OBJC_WEAK = YES;
				CLANG_WARN_BLOCK_CAPTURE_AUTORELEASING = YES;
				CLANG_WARN_BOOL_CONVERSION = YES;
				CLANG_WARN_COMMA = YES;
				CLANG_WARN_CONSTANT_CONVERSION = YES;
				CLANG_WARN_DEPRECATED_OBJC_IMPLEMENTATIONS = YES;
				CLANG_WARN_DIRECT_OBJC_ISA_USAGE = YES_ERROR;
				CLANG_WARN_DOCUMENTATION_COMMENTS = YES;
				CLANG_WARN_EMPTY_BODY = YES;
				CLANG_WARN_ENUM_CONVERSION = YES;
				CLANG_WARN_INFINITE_RECURSION = YES;
				CLANG_WARN_INT_CONVERSION = YES;
				CLANG_WARN_NON_LITERAL_NULL_CONVERSION = YES;
				CLANG_WARN_OBJC_IMPLICIT_RETAIN_SELF = YES;
				CLANG_WARN_OBJC_LITERAL_CONVERSION = YES;
				CLANG_WARN_OBJC_ROOT_CLASS = YES_ERROR;
				CLANG_WARN_RANGE_LOOP_ANALYSIS = YES;
				CLANG_WARN_STRICT_PROTOTYPES = YES;
				CLANG_WARN_SUSPICIOUS_MOVE = YES;
				CLANG_WARN_UNGUARDED_AVAILABILITY = YES_AGGRESSIVE;
				CLANG_WARN_UNREACHABLE_CODE = YES;
				CLANG_WARN__DUPLICATE_METHOD_MATCH = YES;
				CODE_SIGN_IDENTITY = "iPhone Developer";
				COPY_PHASE_STRIP = NO;
				DEBUG_INFORMATION_FORMAT = dwarf;
				ENABLE_STRICT_OBJC_MSGSEND = YES;
				ENABLE_TESTABILITY = YES;
				GCC_C_LANGUAGE_STANDARD = gnu11;
				GCC_DYNAMIC_NO_PIC = NO;
				GCC_NO_COMMON_BLOCKS = YES;
				GCC_OPTIMIZATION_LEVEL = 0;
				GCC_PREPROCESSOR_DEFINITIONS = (
					"DEBUG=1",
					"$(inherited)",
				);
				GCC_WARN_64_TO_32_BIT_CONVERSION = YES;
				GCC_WARN_ABOUT_RETURN_TYPE = YES_ERROR;
				GCC_WARN_UNDECLARED_SELECTOR = YES;
				GCC_WARN_UNINITIALIZED_AUTOS = YES_AGGRESSIVE;
				GCC_WARN_UNUSED_FUNCTION = YES;
				GCC_WARN_UNUSED_VARIABLE = YES;
				IPHONEOS_DEPLOYMENT_TARGET = 12.0;
				MTL_ENABLE_DEBUG_INFO = INCLUDE_SOURCE;
				MTL_FAST_MATH = YES;
				ONLY_ACTIVE_ARCH = YES;
				SDKROOT = iphoneos;
				SWIFT_ACTIVE_COMPILATION_CONDITIONS = DEBUG;
				SWIFT_OPTIMIZATION_LEVEL = "-Onone";
			};
			name = Debug;
		};
		2DDF09BA216475B2000923CA /* Release */ = {
			isa = XCBuildConfiguration;
			buildSettings = {
				ALWAYS_SEARCH_USER_PATHS = NO;
				CLANG_ANALYZER_NONNULL = YES;
				CLANG_ANALYZER_NUMBER_OBJECT_CONVERSION = YES_AGGRESSIVE;
				CLANG_CXX_LANGUAGE_STANDARD = "gnu++14";
				CLANG_CXX_LIBRARY = "libc++";
				CLANG_ENABLE_MODULES = YES;
				CLANG_ENABLE_OBJC_ARC = YES;
				CLANG_ENABLE_OBJC_WEAK = YES;
				CLANG_WARN_BLOCK_CAPTURE_AUTORELEASING = YES;
				CLANG_WARN_BOOL_CONVERSION = YES;
				CLANG_WARN_COMMA = YES;
				CLANG_WARN_CONSTANT_CONVERSION = YES;
				CLANG_WARN_DEPRECATED_OBJC_IMPLEMENTATIONS = YES;
				CLANG_WARN_DIRECT_OBJC_ISA_USAGE = YES_ERROR;
				CLANG_WARN_DOCUMENTATION_COMMENTS = YES;
				CLANG_WARN_EMPTY_BODY = YES;
				CLANG_WARN_ENUM_CONVERSION = YES;
				CLANG_WARN_INFINITE_RECURSION = YES;
				CLANG_WARN_INT_CONVERSION = YES;
				CLANG_WARN_NON_LITERAL_NULL_CONVERSION = YES;
				CLANG_WARN_OBJC_IMPLICIT_RETAIN_SELF = YES;
				CLANG_WARN_OBJC_LITERAL_CONVERSION = YES;
				CLANG_WARN_OBJC_ROOT_CLASS = YES_ERROR;
				CLANG_WARN_RANGE_LOOP_ANALYSIS = YES;
				CLANG_WARN_STRICT_PROTOTYPES = YES;
				CLANG_WARN_SUSPICIOUS_MOVE = YES;
				CLANG_WARN_UNGUARDED_AVAILABILITY = YES_AGGRESSIVE;
				CLANG_WARN_UNREACHABLE_CODE = YES;
				CLANG_WARN__DUPLICATE_METHOD_MATCH = YES;
				CODE_SIGN_IDENTITY = "iPhone Developer";
				COPY_PHASE_STRIP = NO;
				DEBUG_INFORMATION_FORMAT = "dwarf-with-dsym";
				ENABLE_NS_ASSERTIONS = NO;
				ENABLE_STRICT_OBJC_MSGSEND = YES;
				GCC_C_LANGUAGE_STANDARD = gnu11;
				GCC_NO_COMMON_BLOCKS = YES;
				GCC_WARN_64_TO_32_BIT_CONVERSION = YES;
				GCC_WARN_ABOUT_RETURN_TYPE = YES_ERROR;
				GCC_WARN_UNDECLARED_SELECTOR = YES;
				GCC_WARN_UNINITIALIZED_AUTOS = YES_AGGRESSIVE;
				GCC_WARN_UNUSED_FUNCTION = YES;
				GCC_WARN_UNUSED_VARIABLE = YES;
				IPHONEOS_DEPLOYMENT_TARGET = 12.0;
				MTL_ENABLE_DEBUG_INFO = NO;
				MTL_FAST_MATH = YES;
				SDKROOT = iphoneos;
				SWIFT_COMPILATION_MODE = wholemodule;
				SWIFT_OPTIMIZATION_LEVEL = "-O";
				VALIDATE_PRODUCT = YES;
			};
			name = Release;
		};
		2DDF09BC216475B2000923CA /* Debug */ = {
			isa = XCBuildConfiguration;
			baseConfigurationReference = 6FB585B9CA96C39EDEADEF2E /* Pods-PostImage.debug.xcconfig */;
			buildSettings = {
				ASSETCATALOG_COMPILER_APPICON_NAME = AppIcon;
				CODE_SIGN_STYLE = Automatic;
				DEVELOPMENT_TEAM = 58JZQSXGV3;
				INFOPLIST_FILE = PostImage/Info.plist;
				IPHONEOS_DEPLOYMENT_TARGET = 11.2;
				LD_RUNPATH_SEARCH_PATHS = (
					"$(inherited)",
					"@executable_path/Frameworks",
				);
				PRODUCT_BUNDLE_IDENTIFIER = com.gmail.g015c1124.PostImage;
				PRODUCT_NAME = "$(TARGET_NAME)";
				SWIFT_VERSION = 4.0;
				TARGETED_DEVICE_FAMILY = "1,2";
			};
			name = Debug;
		};
		2DDF09BD216475B2000923CA /* Release */ = {
			isa = XCBuildConfiguration;
			baseConfigurationReference = 833ABA9B143C684E80F3F0AE /* Pods-PostImage.release.xcconfig */;
			buildSettings = {
				ASSETCATALOG_COMPILER_APPICON_NAME = AppIcon;
				CODE_SIGN_STYLE = Automatic;
				DEVELOPMENT_TEAM = 58JZQSXGV3;
				INFOPLIST_FILE = PostImage/Info.plist;
				IPHONEOS_DEPLOYMENT_TARGET = 11.2;
				LD_RUNPATH_SEARCH_PATHS = (
					"$(inherited)",
					"@executable_path/Frameworks",
				);
				PRODUCT_BUNDLE_IDENTIFIER = com.gmail.g015c1124.PostImage;
				PRODUCT_NAME = "$(TARGET_NAME)";
				SWIFT_VERSION = 4.0;
				TARGETED_DEVICE_FAMILY = "1,2";
			};
			name = Release;
		};
/* End XCBuildConfiguration section */

/* Begin XCConfigurationList section */
		2DDF09A1216475B1000923CA /* Build configuration list for PBXProject "PostImage" */ = {
			isa = XCConfigurationList;
			buildConfigurations = (
				2DDF09B9216475B2000923CA /* Debug */,
				2DDF09BA216475B2000923CA /* Release */,
			);
			defaultConfigurationIsVisible = 0;
			defaultConfigurationName = Release;
		};
		2DDF09BB216475B2000923CA /* Build configuration list for PBXNativeTarget "PostImage" */ = {
			isa = XCConfigurationList;
			buildConfigurations = (
				2DDF09BC216475B2000923CA /* Debug */,
				2DDF09BD216475B2000923CA /* Release */,
			);
			defaultConfigurationIsVisible = 0;
			defaultConfigurationName = Release;
		};
/* End XCConfigurationList section */

/* Begin XCVersionGroup section */
		2DDF09B0216475B1000923CA /* PostImage.xcdatamodeld */ = {
			isa = XCVersionGroup;
			children = (
				2DDF09B1216475B1000923CA /* PostImage.xcdatamodel */,
			);
			currentVersion = 2DDF09B1216475B1000923CA /* PostImage.xcdatamodel */;
			path = PostImage.xcdatamodeld;
			sourceTree = "<group>";
			versionGroupType = wrapper.xcdatamodel;
		};
/* End XCVersionGroup section */
	};
	rootObject = 2DDF099E216475B1000923CA /* Project object */;
}
